
Microsoft Visual Studio Solution File, Format Version 12.00
# Visual Studio Version 17
VisualStudioVersion = 17.0.31903.59
MinimumVisualStudioVersion = 10.0.40219.1
Project("{FAE04EC0-301F-11D3-BF4B-00C04F79EFBC}") = "UserManager", "UserManager\UserManager.csproj", "{1CC1CD39-852E-4774-94B5-774C257D2964}"
EndProject
Project("{FAE04EC0-301F-11D3-BF4B-00C04F79EFBC}") = "FileManager", "..\FileManager\FileManager.csproj", "{D9807D8E-B8F0-4C0F-A5D7-924D87152ADC}"
EndProject
Global
	GlobalSection(SolutionConfigurationPlatforms) = preSolution
		Debug|Any CPU = Debug|Any CPU
		Release|Any CPU = Release|Any CPU
	EndGlobalSection
	GlobalSection(SolutionProperties) = preSolution
		HideSolutionNode = FALSE
	EndGlobalSection
	GlobalSection(ProjectConfigurationPlatforms) = postSolution
		{1CC1CD39-852E-4774-94B5-774C257D2964}.Debug|Any CPU.ActiveCfg = Debug|Any CPU
		{1CC1CD39-852E-4774-94B5-774C257D2964}.Debug|Any CPU.Build.0 = Debug|Any CPU
		{1CC1CD39-852E-4774-94B5-774C257D2964}.Release|Any CPU.ActiveCfg = Release|Any CPU
		{1CC1CD39-852E-4774-94B5-774C257D2964}.Release|Any CPU.Build.0 = Release|Any CPU
		{D9807D8E-B8F0-4C0F-A5D7-924D87152ADC}.Debug|Any CPU.ActiveCfg = Debug|Any CPU
		{D9807D8E-B8F0-4C0F-A5D7-924D87152ADC}.Debug|Any CPU.Build.0 = Debug|Any CPU
		{D9807D8E-B8F0-4C0F-A5D7-924D87152ADC}.Release|Any CPU.ActiveCfg = Release|Any CPU
		{D9807D8E-B8F0-4C0F-A5D7-924D87152ADC}.Release|Any CPU.Build.0 = Release|Any CPU
	EndGlobalSection
EndGlobal
